
Microsoft Visual Studio Solution File, Format Version 12.00
# Visual Studio Version 18
VisualStudioVersion = 18.2.11408.102
MinimumVisualStudioVersion = 10.0.40219.1
Project("{2150E333-8FDC-42A3-9474-1A3956D46DE8}") = "Core", "Core", "{98F8D024-E996-43D7-A322-8F709AB8B010}"
EndProject
Project("{FAE04EC0-301F-11D3-BF4B-00C04F79EFBC}") = "CarBook.Domain", "Core\CarBook.Domain\CarBook.Domain.csproj", "{E8A04365-FC9C-4752-A977-2C5DCF0783F7}"
EndProject
Project("{2150E333-8FDC-42A3-9474-1A3956D46DE8}") = "Infrastructure", "Infrastructure", "{51F1167D-DEC6-469E-B4C7-4FF56746E077}"
EndProject
Project("{FAE04EC0-301F-11D3-BF4B-00C04F79EFBC}") = "CarBook_Ayt_Persistance", "Infrastructure\CarBook_Ayt_Persistance\CarBook_Ayt_Persistance.csproj", "{77EF362F-6BCD-437F-B33E-2521C96D3851}"
EndProject
Project("{2150E333-8FDC-42A3-9474-1A3956D46DE8}") = "Presentation", "Presentation", "{550E2A20-890C-45CF-B1DB-2DBE5C6B8B2A}"
EndProject
Project("{FAE04EC0-301F-11D3-BF4B-00C04F79EFBC}") = "CarBook.Application", "Core\CarBook.Application\CarBook.Application.csproj", "{5BCC8E6F-B510-4462-8BF1-D01608261C69}"
EndProject
Project("{FAE04EC0-301F-11D3-BF4B-00C04F79EFBC}") = "CarBookApi", "Presentation\CarBookApi\CarBookApi.csproj", "{1F5C3A81-5A98-4E33-82EB-A4E7FA36B61A}"
EndProject
Project("{2150E333-8FDC-42A3-9474-1A3956D46DE8}") = "Frontend", "Frontend", "{D7A19D2D-ED77-442A-B456-BA1038B82517}"
EndProject
Project("{FAE04EC0-301F-11D3-BF4B-00C04F79EFBC}") = "CarBookWebCoreUI", "Frontend\CarBookWebCoreUI\CarBookWebCoreUI.csproj", "{066B35A7-89D0-45B7-8BC4-DEEC9C1E82C5}"
EndProject
Project("{2150E333-8FDC-42A3-9474-1A3956D46DE8}") = "ReadMe", "ReadMe", "{417D2FF9-5875-473A-8A79-1B88CBC60540}"
	ProjectSection(SolutionItems) = preProject
		ReadMe.txt = ReadMe.txt
	EndProjectSection
EndProject
Global
	GlobalSection(SolutionConfigurationPlatforms) = preSolution
		Debug|Any CPU = Debug|Any CPU
		Release|Any CPU = Release|Any CPU
	EndGlobalSection
	GlobalSection(ProjectConfigurationPlatforms) = postSolution
		{E8A04365-FC9C-4752-A977-2C5DCF0783F7}.Debug|Any CPU.ActiveCfg = Debug|Any CPU
		{E8A04365-FC9C-4752-A977-2C5DCF0783F7}.Debug|Any CPU.Build.0 = Debug|Any CPU
		{E8A04365-FC9C-4752-A977-2C5DCF0783F7}.Release|Any CPU.ActiveCfg = Release|Any CPU
		{E8A04365-FC9C-4752-A977-2C5DCF0783F7}.Release|Any CPU.Build.0 = Release|Any CPU
		{77EF362F-6BCD-437F-B33E-2521C96D3851}.Debug|Any CPU.ActiveCfg = Debug|Any CPU
		{77EF362F-6BCD-437F-B33E-2521C96D3851}.Debug|Any CPU.Build.0 = Debug|Any CPU
		{77EF362F-6BCD-437F-B33E-2521C96D3851}.Release|Any CPU.ActiveCfg = Release|Any CPU
		{77EF362F-6BCD-437F-B33E-2521C96D3851}.Release|Any CPU.Build.0 = Release|Any CPU
		{5BCC8E6F-B510-4462-8BF1-D01608261C69}.Debug|Any CPU.ActiveCfg = Debug|Any CPU
		{5BCC8E6F-B510-4462-8BF1-D01608261C69}.Debug|Any CPU.Build.0 = Debug|Any CPU
		{5BCC8E6F-B510-4462-8BF1-D01608261C69}.Release|Any CPU.ActiveCfg = Release|Any CPU
		{5BCC8E6F-B510-4462-8BF1-D01608261C69}.Release|Any CPU.Build.0 = Release|Any CPU
		{1F5C3A81-5A98-4E33-82EB-A4E7FA36B61A}.Debug|Any CPU.ActiveCfg = Debug|Any CPU
		{1F5C3A81-5A98-4E33-82EB-A4E7FA36B61A}.Debug|Any CPU.Build.0 = Debug|Any CPU
		{1F5C3A81-5A98-4E33-82EB-A4E7FA36B61A}.Release|Any CPU.ActiveCfg = Release|Any CPU
		{1F5C3A81-5A98-4E33-82EB-A4E7FA36B61A}.Release|Any CPU.Build.0 = Release|Any CPU
		{066B35A7-89D0-45B7-8BC4-DEEC9C1E82C5}.Debug|Any CPU.ActiveCfg = Debug|Any CPU
		{066B35A7-89D0-45B7-8BC4-DEEC9C1E82C5}.Debug|Any CPU.Build.0 = Debug|Any CPU
		{066B35A7-89D0-45B7-8BC4-DEEC9C1E82C5}.Release|Any CPU.ActiveCfg = Release|Any CPU
		{066B35A7-89D0-45B7-8BC4-DEEC9C1E82C5}.Release|Any CPU.Build.0 = Release|Any CPU
	EndGlobalSection
	GlobalSection(SolutionProperties) = preSolution
		HideSolutionNode = FALSE
	EndGlobalSection
	GlobalSection(NestedProjects) = preSolution
		{E8A04365-FC9C-4752-A977-2C5DCF0783F7} = {98F8D024-E996-43D7-A322-8F709AB8B010}
		{77EF362F-6BCD-437F-B33E-2521C96D3851} = {51F1167D-DEC6-469E-B4C7-4FF56746E077}
		{5BCC8E6F-B510-4462-8BF1-D01608261C69} = {98F8D024-E996-43D7-A322-8F709AB8B010}
		{1F5C3A81-5A98-4E33-82EB-A4E7FA36B61A} = {550E2A20-890C-45CF-B1DB-2DBE5C6B8B2A}
		{066B35A7-89D0-45B7-8BC4-DEEC9C1E82C5} = {D7A19D2D-ED77-442A-B456-BA1038B82517}
	EndGlobalSection
	GlobalSection(ExtensibilityGlobals) = postSolution
		SolutionGuid = {1B0A583F-9001-416C-B808-74E43E0CD2DD}
	EndGlobalSection
EndGlobal
